
Microsoft Visual Studio Solution File, Format Version 12.00
# Visual Studio Version 17
VisualStudioVersion = 17.6.33829.357
MinimumVisualStudioVersion = 10.0.40219.1
Project("{FAE04EC0-301F-11D3-BF4B-00C04F79EFBC}") = "BankAccount", "BankAccount.csproj", "{8D88238B-F13B-4CC5-BA93-3D382C50AABA}"
EndProject
Global
	GlobalSection(SolutionConfigurationPlatforms) = preSolution
		Debug|Any CPU = Debug|Any CPU
		Release|Any CPU = Release|Any CPU
	EndGlobalSection
	GlobalSection(ProjectConfigurationPlatforms) = postSolution
		{8D88238B-F13B-4CC5-BA93-3D382C50AABA}.Debug|Any CPU.ActiveCfg = Debug|Any CPU
		{8D88238B-F13B-4CC5-BA93-3D382C50AABA}.Debug|Any CPU.Build.0 = Debug|Any CPU
		{8D88238B-F13B-4CC5-BA93-3D382C50AABA}.Release|Any CPU.ActiveCfg = Release|Any CPU
		{8D88238B-F13B-4CC5-BA93-3D382C50AABA}.Release|Any CPU.Build.0 = Release|Any CPU
	EndGlobalSection
	GlobalSection(SolutionProperties) = preSolution
		HideSolutionNode = FALSE
	EndGlobalSection
	GlobalSection(ExtensibilityGlobals) = postSolution
		SolutionGuid = {9A00786D-6623-40E6-A0DF-E5F0DA899C64}
	EndGlobalSection
EndGlobal
